# THIS IS AN AUTOGENERATED FILE. DO NOT EDIT THIS FILE DIRECTLY.
# yarn lockfile v1


bootstrap@^3.3.7:
  version "3.3.7"
  resolved "http://registry.npm.taobao.org/bootstrap/download/bootstrap-3.3.7.tgz#5a389394549f23330875a3b150656574f8a9eb71"

font-awesome@^4.7.0:
  version "4.7.0"
  resolved "http://registry.npm.taobao.org/font-awesome/download/font-awesome-4.7.0.tgz#8fa8cf0411a1a31afd07b06d2902bb9fc815a133"

jquery-ujs@^1.2.2:
  version "1.2.2"
  resolved "http://registry.npm.taobao.org/jquery-ujs/download/jquery-ujs-1.2.2.tgz#6a8ef1020e6b6dda385b90a4bddc128c21c56397"
  dependencies:
    jquery ">=1.8.0"

jquery@>=1.8.0, jquery@^3.1.1:
  version "3.1.1"
  resolved "http://registry.npm.taobao.org/jquery/download/jquery-3.1.1.tgz#347c1c21c7e004115e0a4da32cece041fad3c8a3"

ladda@^1.0.0:
  version "1.0.0"
  resolved "http://registry.npm.taobao.org/ladda/download/ladda-1.0.0.tgz#447687ca4aeda438f616cb7710d8063ac96e9f29"
  dependencies:
    spin.js "^2.0.0"

sortablejs@^1.5.0-rc1:
  version "1.5.0-rc1"
  resolved "https://registry.yarnpkg.com/sortablejs/-/sortablejs-1.5.0-rc1.tgz#c3407e9a6fc4a54b4d0804926a2e2993544d91b3"

spin.js@^2.0.0:
  version "2.3.2"
  resolved "http://registry.npm.taobao.org/spin.js/download/spin.js-2.3.2.tgz#6caa56d520673450fd5cfbc6971e6d0772c37a1a"
